
Microsoft Visual Studio Solution File, Format Version 12.00
# Visual Studio Version 17
VisualStudioVersion = 17.7.34031.279
MinimumVisualStudioVersion = 10.0.40219.1
Project("{FAE04EC0-301F-11D3-BF4B-00C04F79EFBC}") = "AquaWPF(4_prak)", "AquaWPF(4_prak)\AquaWPF(4_prak).csproj", "{8474436B-6F91-419F-8D99-E15009EA886A}"
EndProject
Global
	GlobalSection(SolutionConfigurationPlatforms) = preSolution
		Debug|Any CPU = Debug|Any CPU
		Release|Any CPU = Release|Any CPU
	EndGlobalSection
	GlobalSection(ProjectConfigurationPlatforms) = postSolution
		{8474436B-6F91-419F-8D99-E15009EA886A}.Debug|Any CPU.ActiveCfg = Debug|Any CPU
		{8474436B-6F91-419F-8D99-E15009EA886A}.Debug|Any CPU.Build.0 = Debug|Any CPU
		{8474436B-6F91-419F-8D99-E15009EA886A}.Release|Any CPU.ActiveCfg = Release|Any CPU
		{8474436B-6F91-419F-8D99-E15009EA886A}.Release|Any CPU.Build.0 = Release|Any CPU
	EndGlobalSection
	GlobalSection(SolutionProperties) = preSolution
		HideSolutionNode = FALSE
	EndGlobalSection
	GlobalSection(ExtensibilityGlobals) = postSolution
		SolutionGuid = {328B9B93-638E-44C8-BA39-9C2B5E0A93DE}
	EndGlobalSection
EndGlobal
